
Microsoft Visual Studio Solution File, Format Version 12.00
# Visual Studio 15
VisualStudioVersion = 15.0.28307.1062
MinimumVisualStudioVersion = 10.0.40219.1
Project("{FAE04EC0-301F-11D3-BF4B-00C04F79EFBC}") = "NUniversalCharDet", "NUniversalCharDet\NUniversalCharDet.csproj", "{D18F01CA-AF1A-476F-8667-52526A31B118}"
EndProject
Project("{FAE04EC0-301F-11D3-BF4B-00C04F79EFBC}") = "c2utf8", "c2uft8\c2utf8.csproj", "{CC98AF3D-46D5-4949-A260-B858C7DAC68E}"
EndProject
Global
	GlobalSection(SolutionConfigurationPlatforms) = preSolution
		Debug|Any CPU = Debug|Any CPU
		Release|Any CPU = Release|Any CPU
	EndGlobalSection
	GlobalSection(ProjectConfigurationPlatforms) = postSolution
		{D18F01CA-AF1A-476F-8667-52526A31B118}.Debug|Any CPU.ActiveCfg = Debug|Any CPU
		{D18F01CA-AF1A-476F-8667-52526A31B118}.Debug|Any CPU.Build.0 = Debug|Any CPU
		{D18F01CA-AF1A-476F-8667-52526A31B118}.Release|Any CPU.ActiveCfg = Release|Any CPU
		{D18F01CA-AF1A-476F-8667-52526A31B118}.Release|Any CPU.Build.0 = Release|Any CPU
		{CC98AF3D-46D5-4949-A260-B858C7DAC68E}.Debug|Any CPU.ActiveCfg = Debug|Any CPU
		{CC98AF3D-46D5-4949-A260-B858C7DAC68E}.Debug|Any CPU.Build.0 = Debug|Any CPU
		{CC98AF3D-46D5-4949-A260-B858C7DAC68E}.Release|Any CPU.ActiveCfg = Release|Any CPU
		{CC98AF3D-46D5-4949-A260-B858C7DAC68E}.Release|Any CPU.Build.0 = Release|Any CPU
	EndGlobalSection
	GlobalSection(SolutionProperties) = preSolution
		HideSolutionNode = FALSE
	EndGlobalSection
	GlobalSection(ExtensibilityGlobals) = postSolution
		SolutionGuid = {40756F04-8161-4DA0-ABB4-F1BD89A5DBE3}
	EndGlobalSection
EndGlobal
