
Microsoft Visual Studio Solution File, Format Version 12.00
# Visual Studio 15
VisualStudioVersion = 15.0.28307.705
MinimumVisualStudioVersion = 10.0.40219.1
Project("{FAE04EC0-301F-11D3-BF4B-00C04F79EFBC}") = "KaprekarRoutineSolver", "KaprekarRoutineSolver\KaprekarRoutineSolver.csproj", "{EF85309E-BB0B-4E13-87E4-663FBAECCEE9}"
EndProject
Project("{FAE04EC0-301F-11D3-BF4B-00C04F79EFBC}") = "KaprekarRoutineSolverTests", "KaprekarRoutineSolverTests\KaprekarRoutineSolverTests.csproj", "{85CA165B-8995-4834-BF68-E651AD88553A}"
EndProject
Global
	GlobalSection(SolutionConfigurationPlatforms) = preSolution
		Debug|Any CPU = Debug|Any CPU
		Release|Any CPU = Release|Any CPU
	EndGlobalSection
	GlobalSection(ProjectConfigurationPlatforms) = postSolution
		{EF85309E-BB0B-4E13-87E4-663FBAECCEE9}.Debug|Any CPU.ActiveCfg = Debug|Any CPU
		{EF85309E-BB0B-4E13-87E4-663FBAECCEE9}.Debug|Any CPU.Build.0 = Debug|Any CPU
		{EF85309E-BB0B-4E13-87E4-663FBAECCEE9}.Release|Any CPU.ActiveCfg = Release|Any CPU
		{EF85309E-BB0B-4E13-87E4-663FBAECCEE9}.Release|Any CPU.Build.0 = Release|Any CPU
		{85CA165B-8995-4834-BF68-E651AD88553A}.Debug|Any CPU.ActiveCfg = Debug|Any CPU
		{85CA165B-8995-4834-BF68-E651AD88553A}.Debug|Any CPU.Build.0 = Debug|Any CPU
		{85CA165B-8995-4834-BF68-E651AD88553A}.Release|Any CPU.ActiveCfg = Release|Any CPU
		{85CA165B-8995-4834-BF68-E651AD88553A}.Release|Any CPU.Build.0 = Release|Any CPU
	EndGlobalSection
	GlobalSection(SolutionProperties) = preSolution
		HideSolutionNode = FALSE
	EndGlobalSection
	GlobalSection(ExtensibilityGlobals) = postSolution
		SolutionGuid = {B2BEB360-5420-4375-92DB-63EA96A87D72}
	EndGlobalSection
EndGlobal
